
Microsoft Visual Studio Solution File, Format Version 12.00
# Visual Studio 15
VisualStudioVersion = 15.0.28010.2026
MinimumVisualStudioVersion = 10.0.40219.1
Project("{FAE04EC0-301F-11D3-BF4B-00C04F79EFBC}") = "Lab_4(test)", "Lab_4(test)\Lab_4(test).csproj", "{1BD6D064-875B-4953-9C5D-B3BD6E535989}"
EndProject
Global
	GlobalSection(SolutionConfigurationPlatforms) = preSolution
		Debug|Any CPU = Debug|Any CPU
		Release|Any CPU = Release|Any CPU
	EndGlobalSection
	GlobalSection(ProjectConfigurationPlatforms) = postSolution
		{1BD6D064-875B-4953-9C5D-B3BD6E535989}.Debug|Any CPU.ActiveCfg = Debug|Any CPU
		{1BD6D064-875B-4953-9C5D-B3BD6E535989}.Debug|Any CPU.Build.0 = Debug|Any CPU
		{1BD6D064-875B-4953-9C5D-B3BD6E535989}.Release|Any CPU.ActiveCfg = Release|Any CPU
		{1BD6D064-875B-4953-9C5D-B3BD6E535989}.Release|Any CPU.Build.0 = Release|Any CPU
	EndGlobalSection
	GlobalSection(SolutionProperties) = preSolution
		HideSolutionNode = FALSE
	EndGlobalSection
	GlobalSection(ExtensibilityGlobals) = postSolution
		SolutionGuid = {33C25814-18F6-4114-AF59-3AB2F95C598B}
	EndGlobalSection
EndGlobal
