
Microsoft Visual Studio Solution File, Format Version 12.00
# Visual Studio 15
VisualStudioVersion = 15.0.28010.2026
MinimumVisualStudioVersion = 10.0.40219.1
Project("{FAE04EC0-301F-11D3-BF4B-00C04F79EFBC}") = "Task_3(restructered)", "Task_3(restructered)\Task_3(restructered).csproj", "{03E85D0A-5F9B-43C1-8104-C7A881C2D9E6}"
EndProject
Global
	GlobalSection(SolutionConfigurationPlatforms) = preSolution
		Debug|Any CPU = Debug|Any CPU
		Release|Any CPU = Release|Any CPU
	EndGlobalSection
	GlobalSection(ProjectConfigurationPlatforms) = postSolution
		{03E85D0A-5F9B-43C1-8104-C7A881C2D9E6}.Debug|Any CPU.ActiveCfg = Debug|Any CPU
		{03E85D0A-5F9B-43C1-8104-C7A881C2D9E6}.Debug|Any CPU.Build.0 = Debug|Any CPU
		{03E85D0A-5F9B-43C1-8104-C7A881C2D9E6}.Release|Any CPU.ActiveCfg = Release|Any CPU
		{03E85D0A-5F9B-43C1-8104-C7A881C2D9E6}.Release|Any CPU.Build.0 = Release|Any CPU
	EndGlobalSection
	GlobalSection(SolutionProperties) = preSolution
		HideSolutionNode = FALSE
	EndGlobalSection
	GlobalSection(ExtensibilityGlobals) = postSolution
		SolutionGuid = {1A403735-3E32-4557-9CF7-FD7B8536F105}
	EndGlobalSection
EndGlobal
