
Microsoft Visual Studio Solution File, Format Version 12.00
# Visual Studio 15
VisualStudioVersion = 15.0.27428.2043
MinimumVisualStudioVersion = 10.0.40219.1
Project("{FAE04EC0-301F-11D3-BF4B-00C04F79EFBC}") = "Lab_work_2", "Lab_work_2\Lab_work_2.csproj", "{5918E786-6868-441E-90EA-DC182CCAF997}"
EndProject
Global
	GlobalSection(SolutionConfigurationPlatforms) = preSolution
		Debug|Any CPU = Debug|Any CPU
		Release|Any CPU = Release|Any CPU
	EndGlobalSection
	GlobalSection(ProjectConfigurationPlatforms) = postSolution
		{5918E786-6868-441E-90EA-DC182CCAF997}.Debug|Any CPU.ActiveCfg = Debug|Any CPU
		{5918E786-6868-441E-90EA-DC182CCAF997}.Debug|Any CPU.Build.0 = Debug|Any CPU
		{5918E786-6868-441E-90EA-DC182CCAF997}.Release|Any CPU.ActiveCfg = Release|Any CPU
		{5918E786-6868-441E-90EA-DC182CCAF997}.Release|Any CPU.Build.0 = Release|Any CPU
	EndGlobalSection
	GlobalSection(SolutionProperties) = preSolution
		HideSolutionNode = FALSE
	EndGlobalSection
	GlobalSection(ExtensibilityGlobals) = postSolution
		SolutionGuid = {D345AAD5-A931-4A20-B45B-D7357A86A444}
	EndGlobalSection
EndGlobal
